
Microsoft Visual Studio Solution File, Format Version 12.00
# Visual Studio Version 17
VisualStudioVersion = 17.9.34622.214
MinimumVisualStudioVersion = 10.0.40219.1
Project("{FAE04EC0-301F-11D3-BF4B-00C04F79EFBC}") = "Marketplaes02", "Marketplaes02\Marketplaes02.csproj", "{53E3D076-5F71-4B89-8884-D391B6BBCB31}"
EndProject
Global
	GlobalSection(SolutionConfigurationPlatforms) = preSolution
		Debug|Any CPU = Debug|Any CPU
		Release|Any CPU = Release|Any CPU
	EndGlobalSection
	GlobalSection(ProjectConfigurationPlatforms) = postSolution
		{53E3D076-5F71-4B89-8884-D391B6BBCB31}.Debug|Any CPU.ActiveCfg = Debug|Any CPU
		{53E3D076-5F71-4B89-8884-D391B6BBCB31}.Debug|Any CPU.Build.0 = Debug|Any CPU
		{53E3D076-5F71-4B89-8884-D391B6BBCB31}.Debug|Any CPU.Deploy.0 = Debug|Any CPU
		{53E3D076-5F71-4B89-8884-D391B6BBCB31}.Release|Any CPU.ActiveCfg = Release|Any CPU
		{53E3D076-5F71-4B89-8884-D391B6BBCB31}.Release|Any CPU.Build.0 = Release|Any CPU
		{53E3D076-5F71-4B89-8884-D391B6BBCB31}.Release|Any CPU.Deploy.0 = Release|Any CPU
	EndGlobalSection
	GlobalSection(SolutionProperties) = preSolution
		HideSolutionNode = FALSE
	EndGlobalSection
	GlobalSection(ExtensibilityGlobals) = postSolution
		SolutionGuid = {393F3356-B40B-40F5-A3A7-34A97F8E5250}
	EndGlobalSection
EndGlobal
